{
    "version": 3,
    "terraform_version": "0.11.7",
    "serial": 3,
    "lineage": "d3809a9a-0662-54cd-5bc2-bd92e12c8fec",
    "modules": [
        {
            "path": [
                "root"
            ],
            "outputs": {},
            "resources": {
                "google_compute_firewall.default": {
                    "type": "google_compute_firewall",
                    "depends_on": [],
                    "primary": {
                        "id": "tf-docker-firewall",
                        "attributes": {
                            "allow.#": "1",
                            "allow.272637744.ports.#": "1",
                            "allow.272637744.ports.0": "80",
                            "allow.272637744.protocol": "tcp",
                            "deny.#": "0",
                            "description": "",
                            "destination_ranges.#": "0",
                            "direction": "INGRESS",
                            "disabled": "false",
                            "id": "tf-docker-firewall",
                            "name": "tf-docker-firewall",
                            "network": "https://www.googleapis.com/compute/v1/projects/i-guru-209217/global/networks/default",
                            "priority": "1000",
                            "project": "i-guru-209217",
                            "self_link": "https://www.googleapis.com/compute/v1/projects/i-guru-209217/global/firewalls/tf-www-firewall",
                            "source_ranges.#": "1",
                            "source_ranges.1080289494": "0.0.0.0/0",
                            "source_service_accounts.#": "0",
                            "source_tags.#": "0",
                            "target_service_accounts.#": "0",
                            "target_tags.#": "1",
                            "target_tags.1630882000": "docker-node"
                        },
                        "meta": {
                            "schema_version": "1"
                        },
                        "tainted": false
                    },
                    "deposed": [],
                    "provider": "provider.google"
                },
                "google_compute_instance.www": {
                    "type": "google_compute_instance",
                    "depends_on": [],
                    "primary": {
                        "id": "tf-www-0",
                        "attributes": {
                            "attached_disk.#": "0",
                            "boot_disk.#": "1",
                            "boot_disk.0.auto_delete": "true",
                            "boot_disk.0.device_name": "persistent-disk-0",
                            "boot_disk.0.disk_encryption_key_raw": "",
                            "boot_disk.0.disk_encryption_key_sha256": "",
                            "boot_disk.0.initialize_params.#": "1",
                            "boot_disk.0.initialize_params.0.image": "https://www.googleapis.com/compute/v1/projects/ubuntu-os-cloud/global/images/ubuntu-1404-trusty-v20160602",
                            "boot_disk.0.initialize_params.0.size": "10",
                            "boot_disk.0.initialize_params.0.type": "pd-standard",
                            "boot_disk.0.source": "https://www.googleapis.com/compute/v1/projects/i-guru-209217/zones/us-central1-f/disks/tf-www-0",
                            "can_ip_forward": "false",
                            "cpu_platform": "Intel Ivy Bridge",
                            "create_timeout": "4",
                            "deletion_protection": "false",
                            "guest_accelerator.#": "0",
                            "id": "tf-www-0",
                            "instance_id": "3281455587346320505",
                            "label_fingerprint": "42WmSpB8rSM=",
                            "labels.%": "0",
                            "machine_type": "f1-micro",
                            "metadata.%": "1",
                            "metadata.ssh-keys": "root:ssh-rsa AAAAB3NzaC1yc2EAAAADAQABAAABAQDyuS0pekay8EQs2UEEjXftbBqwTI2Z3FiDYGWBNyzUmP+oAMB5c/eV088YbHaWtapR/vSsaB5RnDPxEjn0Ldz5P9lS7h9Unf8w1aXlE72XudyXiYLdrZQ8gzXO0YXOiKjc8o4bwPDcyWXEW+n7jXTB6RRoTNBQJAthK5XE87MQFAvjJEBSKclDYXK8kjVizAU+zJ25s55kOYhIv+0c0Z4QNq+/x+JYO36SN0nIH00d2+hoLXboCs7MmDCaTyNtXFwQPBAccgOBIa/ChchnZuY10LKOIt/ukCnCSsTYN9AIsXDXVV+4cFLEvdCYBNyn+uGMOP4E5Q9Vh2xbNlUUP6Dr dockerworxinc@instance-1\n",
                            "metadata_fingerprint": "EodRelMZL9o=",
                            "metadata_startup_script": "",
                            "min_cpu_platform": "",
                            "name": "tf-www-0",
                            "network_interface.#": "1",
                            "network_interface.0.access_config.#": "1",
                            "network_interface.0.access_config.0.assigned_nat_ip": "35.224.48.42",
                            "network_interface.0.access_config.0.nat_ip": "35.224.48.42",
                            "network_interface.0.access_config.0.network_tier": "PREMIUM",
                            "network_interface.0.access_config.0.public_ptr_domain_name": "",
                            "network_interface.0.address": "10.128.0.2",
                            "network_interface.0.alias_ip_range.#": "0",
                            "network_interface.0.name": "nic0",
                            "network_interface.0.network": "https://www.googleapis.com/compute/v1/projects/i-guru-209217/global/networks/default",
                            "network_interface.0.network_ip": "10.128.0.2",
                            "network_interface.0.subnetwork": "https://www.googleapis.com/compute/v1/projects/i-guru-209217/regions/us-central1/subnetworks/default",
                            "network_interface.0.subnetwork_project": "i-guru-209217",
                            "project": "i-guru-209217",
                            "scheduling.#": "1",
                            "scheduling.0.automatic_restart": "false",
                            "scheduling.0.on_host_maintenance": "MIGRATE",
                            "scheduling.0.preemptible": "false",
                            "scratch_disk.#": "0",
                            "self_link": "https://www.googleapis.com/compute/v1/projects/i-guru-209217/zones/us-central1-f/instances/tf-www-0",
                            "service_account.#": "1",
                            "service_account.0.email": "737359258701-compute@developer.gserviceaccount.com",
                            "service_account.0.scopes.#": "1",
                            "service_account.0.scopes.2862113455": "https://www.googleapis.com/auth/compute.readonly",
                            "tags.#": "1",
                            "tags.1630882000": "docker-node",
                            "tags_fingerprint": "hOwvn4SsPrU=",
                            "zone": "us-central1-f"
                        },
                        "meta": {
                            "e2bfb730-ecaa-11e6-8f88-34363bc7c4c0": {
                                "create": 360000000000,
                                "delete": 360000000000,
                                "update": 360000000000
                            },
                            "schema_version": "6"
                        },
                        "tainted": false
                    },
                    "deposed": [],
                    "provider": "provider.google"
                }
            },
            "depends_on": []
        }
    ]
}
